
Microsoft Visual Studio Solution File, Format Version 12.00
# Visual Studio 15
VisualStudioVersion = 15.0.28307.1000
MinimumVisualStudioVersion = 10.0.40219.1
Project("{FAE04EC0-301F-11D3-BF4B-00C04F79EFBC}") = "Lab3-2", "Lab3-2\Lab3-2.csproj", "{A6326203-5B36-40E9-A8E5-02F51F1ACAAD}"
EndProject
Global
	GlobalSection(SolutionConfigurationPlatforms) = preSolution
		Debug|Any CPU = Debug|Any CPU
		Release|Any CPU = Release|Any CPU
	EndGlobalSection
	GlobalSection(ProjectConfigurationPlatforms) = postSolution
		{A6326203-5B36-40E9-A8E5-02F51F1ACAAD}.Debug|Any CPU.ActiveCfg = Debug|Any CPU
		{A6326203-5B36-40E9-A8E5-02F51F1ACAAD}.Debug|Any CPU.Build.0 = Debug|Any CPU
		{A6326203-5B36-40E9-A8E5-02F51F1ACAAD}.Release|Any CPU.ActiveCfg = Release|Any CPU
		{A6326203-5B36-40E9-A8E5-02F51F1ACAAD}.Release|Any CPU.Build.0 = Release|Any CPU
	EndGlobalSection
	GlobalSection(SolutionProperties) = preSolution
		HideSolutionNode = FALSE
	EndGlobalSection
	GlobalSection(ExtensibilityGlobals) = postSolution
		SolutionGuid = {F9013F8A-70F8-47E6-BE74-3868C5BB10BB}
	EndGlobalSection
EndGlobal
